<?xml version="1.0" encoding="utf-8"?>
<Project ToolsVersion="4.0" xmlns="http://schemas.microsoft.com/developer/msbuild/2003">
  <ItemGroup>
    <ClCompile Include="anim2D.cpp" />
    <ClCompile Include="bg.cpp" />
    <ClCompile Include="collision.cpp" />
    <ClCompile Include="debug.cpp" />
    <ClCompile Include="debugproc.cpp" />
    <ClCompile Include="effect2D.cpp" />
    <ClCompile Include="enemy.cpp" />
    <ClCompile Include="fade.cpp" />
    <ClCompile Include="gameManager.cpp" />
    <ClCompile Include="input.cpp" />
    <ClCompile Include="main.cpp" />
    <ClCompile Include="manager.cpp" />
    <ClCompile Include="map.cpp" />
    <ClCompile Include="multiValue.cpp" />
    <ClCompile Include="object.cpp" />
    <ClCompile Include="object2D.cpp" />
    <ClCompile Include="objectGauge2D.cpp" />
    <ClCompile Include="objectOrbit.cpp" />
    <ClCompile Include="particle2D.cpp" />
    <ClCompile Include="pause.cpp" />
    <ClCompile Include="player.cpp" />
    <ClCompile Include="precompile.cpp" />
    <ClCompile Include="rankingManager.cpp" />
    <ClCompile Include="renderer.cpp" />
    <ClCompile Include="resultManager.cpp" />
    <ClCompile Include="retentionManager.cpp" />
    <ClCompile Include="scene.cpp" />
    <ClCompile Include="sceneGame.cpp" />
    <ClCompile Include="sceneRanking.cpp" />
    <ClCompile Include="sceneResult.cpp" />
    <ClCompile Include="sceneTitle.cpp" />
    <ClCompile Include="sceneTutorial.cpp" />
    <ClCompile Include="score.cpp" />
    <ClCompile Include="scroll2D.cpp" />
    <ClCompile Include="sound.cpp" />
    <ClCompile Include="spot.cpp" />
    <ClCompile Include="stage.cpp" />
    <ClCompile Include="texture.cpp" />
    <ClCompile Include="timerManager.cpp" />
    <ClCompile Include="titleManager.cpp" />
    <ClCompile Include="tutorialManager.cpp" />
    <ClCompile Include="useful.cpp" />
    <ClCompile Include="value.cpp" />
    <ClCompile Include="valueUI.cpp" />
    <ClCompile Include="enemymanager.cpp" />
    <ClCompile Include="enemygroup.cpp" />
  </ItemGroup>
  <ItemGroup>
    <ClInclude Include="anim2D.h" />
    <ClInclude Include="bg.h" />
    <ClInclude Include="collision.h" />
    <ClInclude Include="debug.h" />
    <ClInclude Include="debugproc.h" />
    <ClInclude Include="effect2D.h" />
    <ClInclude Include="enemy.h" />
    <ClInclude Include="fade.h" />
    <ClInclude Include="gameManager.h" />
    <ClInclude Include="input.h" />
    <ClInclude Include="main.h" />
    <ClInclude Include="manager.h" />
    <ClInclude Include="map.h" />
    <ClInclude Include="multiValue.h" />
    <ClInclude Include="object.h" />
    <ClInclude Include="object2D.h" />
    <ClInclude Include="objectGauge2D.h" />
    <ClInclude Include="objectOrbit.h" />
    <ClInclude Include="particle2D.h" />
    <ClInclude Include="pause.h" />
    <ClInclude Include="player.h" />
    <ClInclude Include="precompile.h" />
    <ClInclude Include="rankingManager.h" />
    <ClInclude Include="renderer.h" />
    <ClInclude Include="resource.h" />
    <ClInclude Include="resultManager.h" />
    <ClInclude Include="retentionManager.h" />
    <ClInclude Include="scene.h" />
    <ClInclude Include="sceneGame.h" />
    <ClInclude Include="sceneRanking.h" />
    <ClInclude Include="sceneResult.h" />
    <ClInclude Include="sceneTitle.h" />
    <ClInclude Include="sceneTutorial.h" />
    <ClInclude Include="score.h" />
    <ClInclude Include="scroll2D.h" />
    <ClInclude Include="sound.h" />
    <ClInclude Include="spot.h" />
    <ClInclude Include="stage.h" />
    <ClInclude Include="texture.h" />
    <ClInclude Include="timerManager.h" />
    <ClInclude Include="titleManager.h" />
    <ClInclude Include="tutorialManager.h" />
    <ClInclude Include="useful.h" />
    <ClInclude Include="value.h" />
    <ClInclude Include="valueUI.h" />
    <ClInclude Include="enemymanager.h" />
    <ClInclude Include="enemygroup.h" />
  </ItemGroup>
  <ItemGroup>
    <ResourceCompile Include="resource.rc" />
  </ItemGroup>
</Project>